{
  "name": "chainshield-poc-app",
  "version": "0.0.0-poc",
  "lockfileVersion": 3,
  "requires": true,
  "packages": {
    "": {
      "name": "chainshield-poc-app",
      "version": "0.0.0-poc",
      "dependencies": {
        "malicious-poc-pkg": "file:../malicious-poc-pkg"
      }
    },
    "../malicious-poc-pkg": {
      "name": "malicious-poc-pkg",
      "version": "0.0.0-poc",
      "hasInstallScript": true
    },
    "node_modules/malicious-poc-pkg": {
      "resolved": "../malicious-poc-pkg",
      "link": true
    }
  }
}
